// !$*UTF8*$!
{
	archiveVersion = 1;
	classes = {
	};
	objectVersion = 50;
	objects = {

/* Begin PBXBuildFile section */
		ADAA27B1231BBFAF00365194 /* AppDelegate.swift in Sources */ = {isa = PBXBuildFile; fileRef = ADAA27B0231BBFAF00365194 /* AppDelegate.swift */; };
		ADAA27B3231BBFAF00365194 /* SceneDelegate.swift in Sources */ = {isa = PBXBuildFile; fileRef = ADAA27B2231BBFAF00365194 /* SceneDelegate.swift */; };
		ADAA27B5231BBFAF00365194 /* WeatherViewController.swift in Sources */ = {isa = PBXBuildFile; fileRef = ADAA27B4231BBFAF00365194 /* WeatherViewController.swift */; };
		ADAA27BA231BBFB300365194 /* Assets.xcassets in Resources */ = {isa = PBXBuildFile; fileRef = ADAA27B9231BBFB300365194 /* Assets.xcassets */; };
		ADAA27BD231BBFB300365194 /* LaunchScreen.storyboard in Resources */ = {isa = PBXBuildFile; fileRef = ADAA27BB231BBFB300365194 /* LaunchScreen.storyboard */; };
		ADAA27CE231BC87F00365194 /* README.md in Resources */ = {isa = PBXBuildFile; fileRef = ADAA27CD231BC87F00365194 /* README.md */; };
		E5906DFF2D44444E0078360E /* ClimaRepository.swift in Sources */ = {isa = PBXBuildFile; fileRef = E5906DFE2D4444470078360E /* ClimaRepository.swift */; };
		E5906E012D456B190078360E /* UiState.swift in Sources */ = {isa = PBXBuildFile; fileRef = E5906E002D456B140078360E /* UiState.swift */; };
		E5906E032D457CF10078360E /* Localizable.xcstrings in Resources */ = {isa = PBXBuildFile; fileRef = E5906E022D457CF10078360E /* Localizable.xcstrings */; };
		E5906E052D46BAC40078360E /* WeatherView.swift in Sources */ = {isa = PBXBuildFile; fileRef = E5906E042D46BABE0078360E /* WeatherView.swift */; };
		E5906E072D46BC6C0078360E /* UIImage+Extensions.swift in Sources */ = {isa = PBXBuildFile; fileRef = E5906E062D46BC5D0078360E /* UIImage+Extensions.swift */; };
		E5906E092D46BDA90078360E /* UIColor+Extensions.swift in Sources */ = {isa = PBXBuildFile; fileRef = E5906E082D46BDA20078360E /* UIColor+Extensions.swift */; };
		E5906E0B2D46C0470078360E /* Strings+Extensions.swift in Sources */ = {isa = PBXBuildFile; fileRef = E5906E0A2D46C0420078360E /* Strings+Extensions.swift */; };
		E5906E0D2D46CFAA0078360E /* Coordinator.swift in Sources */ = {isa = PBXBuildFile; fileRef = E5906E0C2D46CFA70078360E /* Coordinator.swift */; };
		E5906E0F2D46CFDE0078360E /* MainCoordinator.swift in Sources */ = {isa = PBXBuildFile; fileRef = E5906E0E2D46CFDE0078360E /* MainCoordinator.swift */; };
		E5906E112D46D0710078360E /* UINavigationController+Extensions.swift in Sources */ = {isa = PBXBuildFile; fileRef = E5906E102D46D0670078360E /* UINavigationController+Extensions.swift */; };
		E5906E162D497BB90078360E /* ViewControllerFactory.swift in Sources */ = {isa = PBXBuildFile; fileRef = E5906E152D497BAE0078360E /* ViewControllerFactory.swift */; };
		E5906E182D497BCE0078360E /* ViewModelFactory.swift in Sources */ = {isa = PBXBuildFile; fileRef = E5906E172D497BC70078360E /* ViewModelFactory.swift */; };
		E5906E1A2D497BE80078360E /* RepositoryFactory.swift in Sources */ = {isa = PBXBuildFile; fileRef = E5906E192D497BE20078360E /* RepositoryFactory.swift */; };
		E5906E1E2D4987550078360E /* ApiService.swift in Sources */ = {isa = PBXBuildFile; fileRef = E5906E1D2D4987510078360E /* ApiService.swift */; };
		E5906E202D4989D00078360E /* ClimaDataSource.swift in Sources */ = {isa = PBXBuildFile; fileRef = E5906E1F2D4989CA0078360E /* ClimaDataSource.swift */; };
		E5906E222D4992560078360E /* ApiServiceFactory.swift in Sources */ = {isa = PBXBuildFile; fileRef = E5906E212D4992500078360E /* ApiServiceFactory.swift */; };
		E5906E252D4992680078360E /* ClimaApiService.swift in Sources */ = {isa = PBXBuildFile; fileRef = E5906E242D4992620078360E /* ClimaApiService.swift */; };
		E5906E272D4993680078360E /* JsonParser.swift in Sources */ = {isa = PBXBuildFile; fileRef = E5906E262D4993630078360E /* JsonParser.swift */; };
		E5906E292D49939E0078360E /* ClimaJsonParser.swift in Sources */ = {isa = PBXBuildFile; fileRef = E5906E282D49939A0078360E /* ClimaJsonParser.swift */; };
		E5906E2B2D49949A0078360E /* JsonParserFactory.swift in Sources */ = {isa = PBXBuildFile; fileRef = E5906E2A2D4994940078360E /* JsonParserFactory.swift */; };
		E59915622D0104DE00C0C00E /* WeatherViewModel.swift in Sources */ = {isa = PBXBuildFile; fileRef = E59915612D0104D700C0C00E /* WeatherViewModel.swift */; };
		E59915642D03C57600C0C00E /* WeatherData.swift in Sources */ = {isa = PBXBuildFile; fileRef = E59915632D03C57600C0C00E /* WeatherData.swift */; };
		E5BB00382D078CEC0033EEEE /* WeatherModel.swift in Sources */ = {isa = PBXBuildFile; fileRef = E5BB00372D078CE80033EEEE /* WeatherModel.swift */; };
/* End PBXBuildFile section */

/* Begin PBXFileReference section */
		ADAA27AD231BBFAF00365194 /* Clima.app */ = {isa = PBXFileReference; explicitFileType = wrapper.application; includeInIndex = 0; path = Clima.app; sourceTree = BUILT_PRODUCTS_DIR; };
		ADAA27B0231BBFAF00365194 /* AppDelegate.swift */ = {isa = PBXFileReference; lastKnownFileType = sourcecode.swift; path = AppDelegate.swift; sourceTree = "<group>"; };
		ADAA27B2231BBFAF00365194 /* SceneDelegate.swift */ = {isa = PBXFileReference; lastKnownFileType = sourcecode.swift; path = SceneDelegate.swift; sourceTree = "<group>"; };
		ADAA27B4231BBFAF00365194 /* WeatherViewController.swift */ = {isa = PBXFileReference; lastKnownFileType = sourcecode.swift; path = WeatherViewController.swift; sourceTree = "<group>"; };
		ADAA27B9231BBFB300365194 /* Assets.xcassets */ = {isa = PBXFileReference; lastKnownFileType = folder.assetcatalog; path = Assets.xcassets; sourceTree = "<group>"; };
		ADAA27BC231BBFB300365194 /* Base */ = {isa = PBXFileReference; lastKnownFileType = file.storyboard; name = Base; path = Base.lproj/LaunchScreen.storyboard; sourceTree = "<group>"; };
		ADAA27BE231BBFB300365194 /* Info.plist */ = {isa = PBXFileReference; lastKnownFileType = text.plist.xml; path = Info.plist; sourceTree = "<group>"; };
		ADAA27CD231BC87F00365194 /* README.md */ = {isa = PBXFileReference; fileEncoding = 4; lastKnownFileType = net.daringfireball.markdown; path = README.md; sourceTree = "<group>"; };
		E5906DFE2D4444470078360E /* ClimaRepository.swift */ = {isa = PBXFileReference; lastKnownFileType = sourcecode.swift; path = ClimaRepository.swift; sourceTree = "<group>"; };
		E5906E002D456B140078360E /* UiState.swift */ = {isa = PBXFileReference; lastKnownFileType = sourcecode.swift; path = UiState.swift; sourceTree = "<group>"; };
		E5906E022D457CF10078360E /* Localizable.xcstrings */ = {isa = PBXFileReference; lastKnownFileType = text.json.xcstrings; path = Localizable.xcstrings; sourceTree = "<group>"; };
		E5906E042D46BABE0078360E /* WeatherView.swift */ = {isa = PBXFileReference; lastKnownFileType = sourcecode.swift; path = WeatherView.swift; sourceTree = "<group>"; };
		E5906E062D46BC5D0078360E /* UIImage+Extensions.swift */ = {isa = PBXFileReference; lastKnownFileType = sourcecode.swift; path = "UIImage+Extensions.swift"; sourceTree = "<group>"; };
		E5906E082D46BDA20078360E /* UIColor+Extensions.swift */ = {isa = PBXFileReference; lastKnownFileType = sourcecode.swift; path = "UIColor+Extensions.swift"; sourceTree = "<group>"; };
		E5906E0A2D46C0420078360E /* Strings+Extensions.swift */ = {isa = PBXFileReference; lastKnownFileType = sourcecode.swift; path = "Strings+Extensions.swift"; sourceTree = "<group>"; };
		E5906E0C2D46CFA70078360E /* Coordinator.swift */ = {isa = PBXFileReference; lastKnownFileType = sourcecode.swift; path = Coordinator.swift; sourceTree = "<group>"; };
		E5906E0E2D46CFDE0078360E /* MainCoordinator.swift */ = {isa = PBXFileReference; lastKnownFileType = sourcecode.swift; path = MainCoordinator.swift; sourceTree = "<group>"; };
		E5906E102D46D0670078360E /* UINavigationController+Extensions.swift */ = {isa = PBXFileReference; lastKnownFileType = sourcecode.swift; path = "UINavigationController+Extensions.swift"; sourceTree = "<group>"; };
		E5906E152D497BAE0078360E /* ViewControllerFactory.swift */ = {isa = PBXFileReference; lastKnownFileType = sourcecode.swift; path = ViewControllerFactory.swift; sourceTree = "<group>"; };
		E5906E172D497BC70078360E /* ViewModelFactory.swift */ = {isa = PBXFileReference; lastKnownFileType = sourcecode.swift; path = ViewModelFactory.swift; sourceTree = "<group>"; };
		E5906E192D497BE20078360E /* RepositoryFactory.swift */ = {isa = PBXFileReference; lastKnownFileType = sourcecode.swift; path = RepositoryFactory.swift; sourceTree = "<group>"; };
		E5906E1D2D4987510078360E /* ApiService.swift */ = {isa = PBXFileReference; lastKnownFileType = sourcecode.swift; path = ApiService.swift; sourceTree = "<group>"; };
		E5906E1F2D4989CA0078360E /* ClimaDataSource.swift */ = {isa = PBXFileReference; lastKnownFileType = sourcecode.swift; path = ClimaDataSource.swift; sourceTree = "<group>"; };
		E5906E212D4992500078360E /* ApiServiceFactory.swift */ = {isa = PBXFileReference; lastKnownFileType = sourcecode.swift; path = ApiServiceFactory.swift; sourceTree = "<group>"; };
		E5906E242D4992620078360E /* ClimaApiService.swift */ = {isa = PBXFileReference; lastKnownFileType = sourcecode.swift; path = ClimaApiService.swift; sourceTree = "<group>"; };
		E5906E262D4993630078360E /* JsonParser.swift */ = {isa = PBXFileReference; lastKnownFileType = sourcecode.swift; path = JsonParser.swift; sourceTree = "<group>"; };
		E5906E282D49939A0078360E /* ClimaJsonParser.swift */ = {isa = PBXFileReference; lastKnownFileType = sourcecode.swift; path = ClimaJsonParser.swift; sourceTree = "<group>"; };
		E5906E2A2D4994940078360E /* JsonParserFactory.swift */ = {isa = PBXFileReference; lastKnownFileType = sourcecode.swift; path = JsonParserFactory.swift; sourceTree = "<group>"; };
		E59915612D0104D700C0C00E /* WeatherViewModel.swift */ = {isa = PBXFileReference; lastKnownFileType = sourcecode.swift; path = WeatherViewModel.swift; sourceTree = "<group>"; };
		E59915632D03C57600C0C00E /* WeatherData.swift */ = {isa = PBXFileReference; lastKnownFileType = sourcecode.swift; path = WeatherData.swift; sourceTree = "<group>"; };
		E5BB00372D078CE80033EEEE /* WeatherModel.swift */ = {isa = PBXFileReference; lastKnownFileType = sourcecode.swift; path = WeatherModel.swift; sourceTree = "<group>"; };
/* End PBXFileReference section */

/* Begin PBXFrameworksBuildPhase section */
		ADAA27AA231BBFAF00365194 /* Frameworks */ = {
			isa = PBXFrameworksBuildPhase;
			buildActionMask = 2147483647;
			files = (
			);
			runOnlyForDeploymentPostprocessing = 0;
		};
/* End PBXFrameworksBuildPhase section */

/* Begin PBXGroup section */
		ADAA27A4231BBFAF00365194 = {
			isa = PBXGroup;
			children = (
				ADAA27CD231BC87F00365194 /* README.md */,
				ADAA27AF231BBFAF00365194 /* Clima */,
				ADAA27AE231BBFAF00365194 /* Products */,
			);
			sourceTree = "<group>";
		};
		ADAA27AE231BBFAF00365194 /* Products */ = {
			isa = PBXGroup;
			children = (
				ADAA27AD231BBFAF00365194 /* Clima.app */,
			);
			name = Products;
			sourceTree = "<group>";
		};
		ADAA27AF231BBFAF00365194 /* Clima */ = {
			isa = PBXGroup;
			children = (
				E5906E232D49925B0078360E /* api */,
				E5906E142D497BA80078360E /* di */,
				E5906E132D497B5A0078360E /* Coordinator */,
				E5906E122D497B4C0078360E /* Extensions */,
				E58DF7432AE2A4E100334D9C /* Model */,
				ADAA27C9231BC3F200365194 /* View */,
				ADAA27C8231BC3E500365194 /* Controller */,
				ADAA27B0231BBFAF00365194 /* AppDelegate.swift */,
				ADAA27B2231BBFAF00365194 /* SceneDelegate.swift */,
				ADAA27B9231BBFB300365194 /* Assets.xcassets */,
				ADAA27BB231BBFB300365194 /* LaunchScreen.storyboard */,
				ADAA27BE231BBFB300365194 /* Info.plist */,
				E5906E022D457CF10078360E /* Localizable.xcstrings */,
			);
			path = Clima;
			sourceTree = "<group>";
		};
		ADAA27C8231BC3E500365194 /* Controller */ = {
			isa = PBXGroup;
			children = (
				ADAA27B4231BBFAF00365194 /* WeatherViewController.swift */,
			);
			path = Controller;
			sourceTree = "<group>";
		};
		ADAA27C9231BC3F200365194 /* View */ = {
			isa = PBXGroup;
			children = (
				E59915612D0104D700C0C00E /* WeatherViewModel.swift */,
				E5906E002D456B140078360E /* UiState.swift */,
				E5906E042D46BABE0078360E /* WeatherView.swift */,
			);
			path = View;
			sourceTree = "<group>";
		};
		E58DF7432AE2A4E100334D9C /* Model */ = {
			isa = PBXGroup;
			children = (
				E5906E1F2D4989CA0078360E /* ClimaDataSource.swift */,
				E5906DFE2D4444470078360E /* ClimaRepository.swift */,
				E5BB00372D078CE80033EEEE /* WeatherModel.swift */,
				E59915632D03C57600C0C00E /* WeatherData.swift */,
			);
			path = Model;
			sourceTree = "<group>";
		};
		E5906E122D497B4C0078360E /* Extensions */ = {
			isa = PBXGroup;
			children = (
				E5906E0A2D46C0420078360E /* Strings+Extensions.swift */,
				E5906E082D46BDA20078360E /* UIColor+Extensions.swift */,
				E5906E062D46BC5D0078360E /* UIImage+Extensions.swift */,
				E5906E102D46D0670078360E /* UINavigationController+Extensions.swift */,
			);
			path = Extensions;
			sourceTree = "<group>";
		};
		E5906E132D497B5A0078360E /* Coordinator */ = {
			isa = PBXGroup;
			children = (
				E5906E0E2D46CFDE0078360E /* MainCoordinator.swift */,
				E5906E0C2D46CFA70078360E /* Coordinator.swift */,
			);
			path = Coordinator;
			sourceTree = "<group>";
		};
		E5906E142D497BA80078360E /* di */ = {
			isa = PBXGroup;
			children = (
				E5906E2A2D4994940078360E /* JsonParserFactory.swift */,
				E5906E212D4992500078360E /* ApiServiceFactory.swift */,
				E5906E192D497BE20078360E /* RepositoryFactory.swift */,
				E5906E172D497BC70078360E /* ViewModelFactory.swift */,
				E5906E152D497BAE0078360E /* ViewControllerFactory.swift */,
			);
			path = di;
			sourceTree = "<group>";
		};
		E5906E232D49925B0078360E /* api */ = {
			isa = PBXGroup;
			children = (
				E5906E282D49939A0078360E /* ClimaJsonParser.swift */,
				E5906E262D4993630078360E /* JsonParser.swift */,
				E5906E242D4992620078360E /* ClimaApiService.swift */,
				E5906E1D2D4987510078360E /* ApiService.swift */,
			);
			path = api;
			sourceTree = "<group>";
		};
/* End PBXGroup section */

/* Begin PBXNativeTarget section */
		ADAA27AC231BBFAF00365194 /* Clima */ = {
			isa = PBXNativeTarget;
			buildConfigurationList = ADAA27C1231BBFB300365194 /* Build configuration list for PBXNativeTarget "Clima" */;
			buildPhases = (
				ADAA27A9231BBFAF00365194 /* Sources */,
				ADAA27AA231BBFAF00365194 /* Frameworks */,
				ADAA27AB231BBFAF00365194 /* Resources */,
			);
			buildRules = (
			);
			dependencies = (
			);
			name = Clima;
			productName = Clima;
			productReference = ADAA27AD231BBFAF00365194 /* Clima.app */;
			productType = "com.apple.product-type.application";
		};
/* End PBXNativeTarget section */

/* Begin PBXProject section */
		ADAA27A5231BBFAF00365194 /* Project object */ = {
			isa = PBXProject;
			attributes = {
				LastSwiftUpdateCheck = 1100;
				LastUpgradeCheck = 1100;
				ORGANIZATIONNAME = "App Brewery";
				TargetAttributes = {
					ADAA27AC231BBFAF00365194 = {
						CreatedOnToolsVersion = 11.0;
					};
				};
			};
			buildConfigurationList = ADAA27A8231BBFAF00365194 /* Build configuration list for PBXProject "Clima" */;
			compatibilityVersion = "Xcode 9.3";
			developmentRegion = en;
			hasScannedForEncodings = 0;
			knownRegions = (
				en,
				Base,
				ar,
			);
			mainGroup = ADAA27A4231BBFAF00365194;
			productRefGroup = ADAA27AE231BBFAF00365194 /* Products */;
			projectDirPath = "";
			projectRoot = "";
			targets = (
				ADAA27AC231BBFAF00365194 /* Clima */,
			);
		};
/* End PBXProject section */

/* Begin PBXResourcesBuildPhase section */
		ADAA27AB231BBFAF00365194 /* Resources */ = {
			isa = PBXResourcesBuildPhase;
			buildActionMask = 2147483647;
			files = (
				ADAA27CE231BC87F00365194 /* README.md in Resources */,
				E5906E032D457CF10078360E /* Localizable.xcstrings in Resources */,
				ADAA27BD231BBFB300365194 /* LaunchScreen.storyboard in Resources */,
				ADAA27BA231BBFB300365194 /* Assets.xcassets in Resources */,
			);
			runOnlyForDeploymentPostprocessing = 0;
		};
/* End PBXResourcesBuildPhase section */

/* Begin PBXSourcesBuildPhase section */
		ADAA27A9231BBFAF00365194 /* Sources */ = {
			isa = PBXSourcesBuildPhase;
			buildActionMask = 2147483647;
			files = (
				ADAA27B5231BBFAF00365194 /* WeatherViewController.swift in Sources */,
				E5906E182D497BCE0078360E /* ViewModelFactory.swift in Sources */,
				E59915642D03C57600C0C00E /* WeatherData.swift in Sources */,
				ADAA27B1231BBFAF00365194 /* AppDelegate.swift in Sources */,
				E59915622D0104DE00C0C00E /* WeatherViewModel.swift in Sources */,
				E5906E072D46BC6C0078360E /* UIImage+Extensions.swift in Sources */,
				E5906E0B2D46C0470078360E /* Strings+Extensions.swift in Sources */,
				E5906E272D4993680078360E /* JsonParser.swift in Sources */,
				E5906E0F2D46CFDE0078360E /* MainCoordinator.swift in Sources */,
				E5906E0D2D46CFAA0078360E /* Coordinator.swift in Sources */,
				E5906E202D4989D00078360E /* ClimaDataSource.swift in Sources */,
				E5BB00382D078CEC0033EEEE /* WeatherModel.swift in Sources */,
				E5906E052D46BAC40078360E /* WeatherView.swift in Sources */,
				E5906E092D46BDA90078360E /* UIColor+Extensions.swift in Sources */,
				E5906E1A2D497BE80078360E /* RepositoryFactory.swift in Sources */,
				E5906E222D4992560078360E /* ApiServiceFactory.swift in Sources */,
				E5906E012D456B190078360E /* UiState.swift in Sources */,
				E5906E1E2D4987550078360E /* ApiService.swift in Sources */,
				E5906E252D4992680078360E /* ClimaApiService.swift in Sources */,
				ADAA27B3231BBFAF00365194 /* SceneDelegate.swift in Sources */,
				E5906E162D497BB90078360E /* ViewControllerFactory.swift in Sources */,
				E5906E2B2D49949A0078360E /* JsonParserFactory.swift in Sources */,
				E5906E292D49939E0078360E /* ClimaJsonParser.swift in Sources */,
				E5906DFF2D44444E0078360E /* ClimaRepository.swift in Sources */,
				E5906E112D46D0710078360E /* UINavigationController+Extensions.swift in Sources */,
			);
			runOnlyForDeploymentPostprocessing = 0;
		};
/* End PBXSourcesBuildPhase section */

/* Begin PBXVariantGroup section */
		ADAA27BB231BBFB300365194 /* LaunchScreen.storyboard */ = {
			isa = PBXVariantGroup;
			children = (
				ADAA27BC231BBFB300365194 /* Base */,
			);
			name = LaunchScreen.storyboard;
			sourceTree = "<group>";
		};
/* End PBXVariantGroup section */

/* Begin XCBuildConfiguration section */
		ADAA27BF231BBFB300365194 /* Debug */ = {
			isa = XCBuildConfiguration;
			buildSettings = {
				ALWAYS_SEARCH_USER_PATHS = NO;
				CLANG_ANALYZER_NONNULL = YES;
				CLANG_ANALYZER_NUMBER_OBJECT_CONVERSION = YES_AGGRESSIVE;
				CLANG_CXX_LANGUAGE_STANDARD = "gnu++14";
				CLANG_CXX_LIBRARY = "libc++";
				CLANG_ENABLE_MODULES = YES;
				CLANG_ENABLE_OBJC_ARC = YES;
				CLANG_ENABLE_OBJC_WEAK = YES;
				CLANG_WARN_BLOCK_CAPTURE_AUTORELEASING = YES;
				CLANG_WARN_BOOL_CONVERSION = YES;
				CLANG_WARN_COMMA = YES;
				CLANG_WARN_CONSTANT_CONVERSION = YES;
				CLANG_WARN_DEPRECATED_OBJC_IMPLEMENTATIONS = YES;
				CLANG_WARN_DIRECT_OBJC_ISA_USAGE = YES_ERROR;
				CLANG_WARN_DOCUMENTATION_COMMENTS = YES;
				CLANG_WARN_EMPTY_BODY = YES;
				CLANG_WARN_ENUM_CONVERSION = YES;
				CLANG_WARN_INFINITE_RECURSION = YES;
				CLANG_WARN_INT_CONVERSION = YES;
				CLANG_WARN_NON_LITERAL_NULL_CONVERSION = YES;
				CLANG_WARN_OBJC_IMPLICIT_RETAIN_SELF = YES;
				CLANG_WARN_OBJC_LITERAL_CONVERSION = YES;
				CLANG_WARN_OBJC_ROOT_CLASS = YES_ERROR;
				CLANG_WARN_RANGE_LOOP_ANALYSIS = YES;
				CLANG_WARN_STRICT_PROTOTYPES = YES;
				CLANG_WARN_SUSPICIOUS_MOVE = YES;
				CLANG_WARN_UNGUARDED_AVAILABILITY = YES_AGGRESSIVE;
				CLANG_WARN_UNREACHABLE_CODE = YES;
				CLANG_WARN__DUPLICATE_METHOD_MATCH = YES;
				COPY_PHASE_STRIP = NO;
				DEBUG_INFORMATION_FORMAT = dwarf;
				ENABLE_STRICT_OBJC_MSGSEND = YES;
				ENABLE_TESTABILITY = YES;
				GCC_C_LANGUAGE_STANDARD = gnu11;
				GCC_DYNAMIC_NO_PIC = NO;
				GCC_NO_COMMON_BLOCKS = YES;
				GCC_OPTIMIZATION_LEVEL = 0;
				GCC_PREPROCESSOR_DEFINITIONS = (
					"DEBUG=1",
					"$(inherited)",
				);
				GCC_WARN_64_TO_32_BIT_CONVERSION = YES;
				GCC_WARN_ABOUT_RETURN_TYPE = YES_ERROR;
				GCC_WARN_UNDECLARED_SELECTOR = YES;
				GCC_WARN_UNINITIALIZED_AUTOS = YES_AGGRESSIVE;
				GCC_WARN_UNUSED_FUNCTION = YES;
				GCC_WARN_UNUSED_VARIABLE = YES;
				IPHONEOS_DEPLOYMENT_TARGET = 13.0;
				MTL_ENABLE_DEBUG_INFO = INCLUDE_SOURCE;
				MTL_FAST_MATH = YES;
				ONLY_ACTIVE_ARCH = YES;
				SDKROOT = iphoneos;
				SWIFT_ACTIVE_COMPILATION_CONDITIONS = DEBUG;
				SWIFT_EMIT_LOC_STRINGS = YES;
				SWIFT_OPTIMIZATION_LEVEL = "-Onone";
			};
			name = Debug;
		};
		ADAA27C0231BBFB300365194 /* Release */ = {
			isa = XCBuildConfiguration;
			buildSettings = {
				ALWAYS_SEARCH_USER_PATHS = NO;
				CLANG_ANALYZER_NONNULL = YES;
				CLANG_ANALYZER_NUMBER_OBJECT_CONVERSION = YES_AGGRESSIVE;
				CLANG_CXX_LANGUAGE_STANDARD = "gnu++14";
				CLANG_CXX_LIBRARY = "libc++";
				CLANG_ENABLE_MODULES = YES;
				CLANG_ENABLE_OBJC_ARC = YES;
				CLANG_ENABLE_OBJC_WEAK = YES;
				CLANG_WARN_BLOCK_CAPTURE_AUTORELEASING = YES;
				CLANG_WARN_BOOL_CONVERSION = YES;
				CLANG_WARN_COMMA = YES;
				CLANG_WARN_CONSTANT_CONVERSION = YES;
				CLANG_WARN_DEPRECATED_OBJC_IMPLEMENTATIONS = YES;
				CLANG_WARN_DIRECT_OBJC_ISA_USAGE = YES_ERROR;
				CLANG_WARN_DOCUMENTATION_COMMENTS = YES;
				CLANG_WARN_EMPTY_BODY = YES;
				CLANG_WARN_ENUM_CONVERSION = YES;
				CLANG_WARN_INFINITE_RECURSION = YES;
				CLANG_WARN_INT_CONVERSION = YES;
				CLANG_WARN_NON_LITERAL_NULL_CONVERSION = YES;
				CLANG_WARN_OBJC_IMPLICIT_RETAIN_SELF = YES;
				CLANG_WARN_OBJC_LITERAL_CONVERSION = YES;
				CLANG_WARN_OBJC_ROOT_CLASS = YES_ERROR;
				CLANG_WARN_RANGE_LOOP_ANALYSIS = YES;
				CLANG_WARN_STRICT_PROTOTYPES = YES;
				CLANG_WARN_SUSPICIOUS_MOVE = YES;
				CLANG_WARN_UNGUARDED_AVAILABILITY = YES_AGGRESSIVE;
				CLANG_WARN_UNREACHABLE_CODE = YES;
				CLANG_WARN__DUPLICATE_METHOD_MATCH = YES;
				COPY_PHASE_STRIP = NO;
				DEBUG_INFORMATION_FORMAT = "dwarf-with-dsym";
				ENABLE_NS_ASSERTIONS = NO;
				ENABLE_STRICT_OBJC_MSGSEND = YES;
				GCC_C_LANGUAGE_STANDARD = gnu11;
				GCC_NO_COMMON_BLOCKS = YES;
				GCC_WARN_64_TO_32_BIT_CONVERSION = YES;
				GCC_WARN_ABOUT_RETURN_TYPE = YES_ERROR;
				GCC_WARN_UNDECLARED_SELECTOR = YES;
				GCC_WARN_UNINITIALIZED_AUTOS = YES_AGGRESSIVE;
				GCC_WARN_UNUSED_FUNCTION = YES;
				GCC_WARN_UNUSED_VARIABLE = YES;
				IPHONEOS_DEPLOYMENT_TARGET = 13.0;
				MTL_ENABLE_DEBUG_INFO = NO;
				MTL_FAST_MATH = YES;
				SDKROOT = iphoneos;
				SWIFT_COMPILATION_MODE = wholemodule;
				SWIFT_EMIT_LOC_STRINGS = YES;
				SWIFT_OPTIMIZATION_LEVEL = "-O";
				VALIDATE_PRODUCT = YES;
			};
			name = Release;
		};
		ADAA27C2231BBFB300365194 /* Debug */ = {
			isa = XCBuildConfiguration;
			buildSettings = {
				ASSETCATALOG_COMPILER_APPICON_NAME = AppIcon;
				CODE_SIGN_STYLE = Automatic;
				DEVELOPMENT_TEAM = L7UNRCRJCD;
				INFOPLIST_FILE = Clima/Info.plist;
				LD_RUNPATH_SEARCH_PATHS = (
					"$(inherited)",
					"@executable_path/Frameworks",
				);
				PRODUCT_BUNDLE_IDENTIFIER = com.omarassidi.Clima;
				PRODUCT_NAME = "$(TARGET_NAME)";
				SWIFT_VERSION = 5.0;
				TARGETED_DEVICE_FAMILY = "1,2";
			};
			name = Debug;
		};
		ADAA27C3231BBFB300365194 /* Release */ = {
			isa = XCBuildConfiguration;
			buildSettings = {
				ASSETCATALOG_COMPILER_APPICON_NAME = AppIcon;
				CODE_SIGN_STYLE = Automatic;
				DEVELOPMENT_TEAM = L7UNRCRJCD;
				INFOPLIST_FILE = Clima/Info.plist;
				LD_RUNPATH_SEARCH_PATHS = (
					"$(inherited)",
					"@executable_path/Frameworks",
				);
				PRODUCT_BUNDLE_IDENTIFIER = com.omarassidi.Clima;
				PRODUCT_NAME = "$(TARGET_NAME)";
				SWIFT_VERSION = 5.0;
				TARGETED_DEVICE_FAMILY = "1,2";
			};
			name = Release;
		};
/* End XCBuildConfiguration section */

/* Begin XCConfigurationList section */
		ADAA27A8231BBFAF00365194 /* Build configuration list for PBXProject "Clima" */ = {
			isa = XCConfigurationList;
			buildConfigurations = (
				ADAA27BF231BBFB300365194 /* Debug */,
				ADAA27C0231BBFB300365194 /* Release */,
			);
			defaultConfigurationIsVisible = 0;
			defaultConfigurationName = Release;
		};
		ADAA27C1231BBFB300365194 /* Build configuration list for PBXNativeTarget "Clima" */ = {
			isa = XCConfigurationList;
			buildConfigurations = (
				ADAA27C2231BBFB300365194 /* Debug */,
				ADAA27C3231BBFB300365194 /* Release */,
			);
			defaultConfigurationIsVisible = 0;
			defaultConfigurationName = Release;
		};
/* End XCConfigurationList section */
	};
	rootObject = ADAA27A5231BBFAF00365194 /* Project object */;
}
